// !$*UTF8*$!
{
	archiveVersion = 1;
	classes = {
	};
	objectVersion = 46;
	objects = {

/* Begin PBXBuildFile section */
		833D290D1E3FADCE00BC2685 /* AppDelegate.swift in Sources */ = {isa = PBXBuildFile; fileRef = 833D290C1E3FADCE00BC2685 /* AppDelegate.swift */; };
		833D29121E3FADD300BC2685 /* Main.storyboard in Resources */ = {isa = PBXBuildFile; fileRef = 833D29101E3FADD300BC2685 /* Main.storyboard */; };
		833D29141E3FADD700BC2685 /* Assets.xcassets in Resources */ = {isa = PBXBuildFile; fileRef = 833D29131E3FADD600BC2685 /* Assets.xcassets */; };
		833D29171E3FADD800BC2685 /* LaunchScreen.storyboard in Resources */ = {isa = PBXBuildFile; fileRef = 833D29151E3FADD800BC2685 /* LaunchScreen.storyboard */; };
		833D29221E3FADDF00BC2685 /* WorldTrotterTests.swift in Sources */ = {isa = PBXBuildFile; fileRef = 833D29211E3FADDF00BC2685 /* WorldTrotterTests.swift */; };
		833D292D1E3FADE900BC2685 /* WorldTrotterUITests.swift in Sources */ = {isa = PBXBuildFile; fileRef = 833D292C1E3FADE800BC2685 /* WorldTrotterUITests.swift */; };
		8365078E1E4030A4009B172B /* ConversionViewController.swift in Sources */ = {isa = PBXBuildFile; fileRef = 8365078D1E4030A4009B172B /* ConversionViewController.swift */; };
		838AA5D51E4A9B3400E33C17 /* WebViewController.swift in Sources */ = {isa = PBXBuildFile; fileRef = 838AA5D41E4A9B3400E33C17 /* WebViewController.swift */; };
		838AA5D71E4AA04A00E33C17 /* WebKit.framework in Frameworks */ = {isa = PBXBuildFile; fileRef = 838AA5D61E4AA04A00E33C17 /* WebKit.framework */; };
		839C5EDC1E4AB59A007F7614 /* Localizable.strings in Resources */ = {isa = PBXBuildFile; fileRef = 839C5EDE1E4AB59A007F7614 /* Localizable.strings */; };
		83D800A71E4A81D3001480A3 /* MapKit.framework in Frameworks */ = {isa = PBXBuildFile; fileRef = 83D800A61E4A81D3001480A3 /* MapKit.framework */; };
		83D800A91E4A87D9001480A3 /* MapViewController.swift in Sources */ = {isa = PBXBuildFile; fileRef = 83D800A81E4A87D9001480A3 /* MapViewController.swift */; };
/* End PBXBuildFile section */

/* Begin PBXContainerItemProxy section */
		833D291E1E3FADDD00BC2685 /* PBXContainerItemProxy */ = {
			isa = PBXContainerItemProxy;
			containerPortal = 833D29011E3FADCA00BC2685 /* Project object */;
			proxyType = 1;
			remoteGlobalIDString = 833D29081E3FADCC00BC2685;
			remoteInfo = WorldTrotter;
		};
		833D29291E3FADE600BC2685 /* PBXContainerItemProxy */ = {
			isa = PBXContainerItemProxy;
			containerPortal = 833D29011E3FADCA00BC2685 /* Project object */;
			proxyType = 1;
			remoteGlobalIDString = 833D29081E3FADCC00BC2685;
			remoteInfo = WorldTrotter;
		};
/* End PBXContainerItemProxy section */

/* Begin PBXFileReference section */
		833D29091E3FADCC00BC2685 /* WorldTrotter.app */ = {isa = PBXFileReference; explicitFileType = wrapper.application; includeInIndex = 0; path = WorldTrotter.app; sourceTree = BUILT_PRODUCTS_DIR; };
		833D290C1E3FADCE00BC2685 /* AppDelegate.swift */ = {isa = PBXFileReference; lastKnownFileType = sourcecode.swift; path = AppDelegate.swift; sourceTree = "<group>"; };
		833D29111E3FADD300BC2685 /* Base */ = {isa = PBXFileReference; lastKnownFileType = file.storyboard; name = Base; path = Base.lproj/Main.storyboard; sourceTree = "<group>"; };
		833D29131E3FADD600BC2685 /* Assets.xcassets */ = {isa = PBXFileReference; lastKnownFileType = folder.assetcatalog; path = Assets.xcassets; sourceTree = "<group>"; };
		833D29161E3FADD800BC2685 /* Base */ = {isa = PBXFileReference; lastKnownFileType = file.storyboard; name = Base; path = Base.lproj/LaunchScreen.storyboard; sourceTree = "<group>"; };
		833D29181E3FADDC00BC2685 /* Info.plist */ = {isa = PBXFileReference; lastKnownFileType = text.plist.xml; path = Info.plist; sourceTree = "<group>"; };
		833D291D1E3FADDD00BC2685 /* WorldTrotterTests.xctest */ = {isa = PBXFileReference; explicitFileType = wrapper.cfbundle; includeInIndex = 0; path = WorldTrotterTests.xctest; sourceTree = BUILT_PRODUCTS_DIR; };
		833D29211E3FADDF00BC2685 /* WorldTrotterTests.swift */ = {isa = PBXFileReference; lastKnownFileType = sourcecode.swift; path = WorldTrotterTests.swift; sourceTree = "<group>"; };
		833D29231E3FADE500BC2685 /* Info.plist */ = {isa = PBXFileReference; lastKnownFileType = text.plist.xml; path = Info.plist; sourceTree = "<group>"; };
		833D29281E3FADE600BC2685 /* WorldTrotterUITests.xctest */ = {isa = PBXFileReference; explicitFileType = wrapper.cfbundle; includeInIndex = 0; path = WorldTrotterUITests.xctest; sourceTree = BUILT_PRODUCTS_DIR; };
		833D292C1E3FADE800BC2685 /* WorldTrotterUITests.swift */ = {isa = PBXFileReference; lastKnownFileType = sourcecode.swift; path = WorldTrotterUITests.swift; sourceTree = "<group>"; };
		833D292E1E3FADEC00BC2685 /* Info.plist */ = {isa = PBXFileReference; lastKnownFileType = text.plist.xml; path = Info.plist; sourceTree = "<group>"; };
		8365078D1E4030A4009B172B /* ConversionViewController.swift */ = {isa = PBXFileReference; fileEncoding = 4; lastKnownFileType = sourcecode.swift; path = ConversionViewController.swift; sourceTree = "<group>"; };
		838AA5D41E4A9B3400E33C17 /* WebViewController.swift */ = {isa = PBXFileReference; fileEncoding = 4; lastKnownFileType = sourcecode.swift; path = WebViewController.swift; sourceTree = "<group>"; };
		838AA5D61E4AA04A00E33C17 /* WebKit.framework */ = {isa = PBXFileReference; lastKnownFileType = wrapper.framework; name = WebKit.framework; path = System/Library/Frameworks/WebKit.framework; sourceTree = SDKROOT; };
		839C5ED81E4AB221007F7614 /* en */ = {isa = PBXFileReference; lastKnownFileType = text.plist.strings; name = en; path = en.lproj/Main.strings; sourceTree = "<group>"; };
		839C5ED91E4AB320007F7614 /* es */ = {isa = PBXFileReference; lastKnownFileType = text.plist.strings; name = es; path = es.lproj/Main.strings; sourceTree = "<group>"; };
		839C5EDD1E4AB59A007F7614 /* Base */ = {isa = PBXFileReference; lastKnownFileType = text.plist.strings; name = Base; path = Base.lproj/Localizable.strings; sourceTree = "<group>"; };
		839C5EE01E4AB5B5007F7614 /* en */ = {isa = PBXFileReference; lastKnownFileType = text.plist.strings; name = en; path = en.lproj/Localizable.strings; sourceTree = "<group>"; };
		839C5EE11E4AB5CB007F7614 /* es */ = {isa = PBXFileReference; lastKnownFileType = text.plist.strings; name = es; path = es.lproj/Localizable.strings; sourceTree = "<group>"; };
		83D800A61E4A81D3001480A3 /* MapKit.framework */ = {isa = PBXFileReference; lastKnownFileType = wrapper.framework; name = MapKit.framework; path = System/Library/Frameworks/MapKit.framework; sourceTree = SDKROOT; };
		83D800A81E4A87D9001480A3 /* MapViewController.swift */ = {isa = PBXFileReference; fileEncoding = 4; lastKnownFileType = sourcecode.swift; path = MapViewController.swift; sourceTree = "<group>"; };
/* End PBXFileReference section */

/* Begin PBXFrameworksBuildPhase section */
		833D29061E3FADCC00BC2685 /* Frameworks */ = {
			isa = PBXFrameworksBuildPhase;
			buildActionMask = 2147483647;
			files = (
				838AA5D71E4AA04A00E33C17 /* WebKit.framework in Frameworks */,
				83D800A71E4A81D3001480A3 /* MapKit.framework in Frameworks */,
			);
			runOnlyForDeploymentPostprocessing = 0;
		};
		833D291A1E3FADDD00BC2685 /* Frameworks */ = {
			isa = PBXFrameworksBuildPhase;
			buildActionMask = 2147483647;
			files = (
			);
			runOnlyForDeploymentPostprocessing = 0;
		};
		833D29251E3FADE600BC2685 /* Frameworks */ = {
			isa = PBXFrameworksBuildPhase;
			buildActionMask = 2147483647;
			files = (
			);
			runOnlyForDeploymentPostprocessing = 0;
		};
/* End PBXFrameworksBuildPhase section */

/* Begin PBXGroup section */
		833D29001E3FADCA00BC2685 = {
			isa = PBXGroup;
			children = (
				833D290B1E3FADCC00BC2685 /* WorldTrotter */,
				833D29201E3FADDD00BC2685 /* WorldTrotterTests */,
				833D292B1E3FADE600BC2685 /* WorldTrotterUITests */,
				833D290A1E3FADCC00BC2685 /* Products */,
				83D800A51E4A81D3001480A3 /* Frameworks */,
			);
			sourceTree = "<group>";
		};
		833D290A1E3FADCC00BC2685 /* Products */ = {
			isa = PBXGroup;
			children = (
				833D29091E3FADCC00BC2685 /* WorldTrotter.app */,
				833D291D1E3FADDD00BC2685 /* WorldTrotterTests.xctest */,
				833D29281E3FADE600BC2685 /* WorldTrotterUITests.xctest */,
			);
			name = Products;
			sourceTree = "<group>";
		};
		833D290B1E3FADCC00BC2685 /* WorldTrotter */ = {
			isa = PBXGroup;
			children = (
				839C5EDE1E4AB59A007F7614 /* Localizable.strings */,
				8365078D1E4030A4009B172B /* ConversionViewController.swift */,
				833D290C1E3FADCE00BC2685 /* AppDelegate.swift */,
				833D29101E3FADD300BC2685 /* Main.storyboard */,
				83D800A81E4A87D9001480A3 /* MapViewController.swift */,
				838AA5D41E4A9B3400E33C17 /* WebViewController.swift */,
				833D29131E3FADD600BC2685 /* Assets.xcassets */,
				833D29151E3FADD800BC2685 /* LaunchScreen.storyboard */,
				833D29181E3FADDC00BC2685 /* Info.plist */,
			);
			path = WorldTrotter;
			sourceTree = "<group>";
		};
		833D29201E3FADDD00BC2685 /* WorldTrotterTests */ = {
			isa = PBXGroup;
			children = (
				833D29211E3FADDF00BC2685 /* WorldTrotterTests.swift */,
				833D29231E3FADE500BC2685 /* Info.plist */,
			);
			path = WorldTrotterTests;
			sourceTree = "<group>";
		};
		833D292B1E3FADE600BC2685 /* WorldTrotterUITests */ = {
			isa = PBXGroup;
			children = (
				833D292C1E3FADE800BC2685 /* WorldTrotterUITests.swift */,
				833D292E1E3FADEC00BC2685 /* Info.plist */,
			);
			path = WorldTrotterUITests;
			sourceTree = "<group>";
		};
		83D800A51E4A81D3001480A3 /* Frameworks */ = {
			isa = PBXGroup;
			children = (
				838AA5D61E4AA04A00E33C17 /* WebKit.framework */,
				83D800A61E4A81D3001480A3 /* MapKit.framework */,
			);
			name = Frameworks;
			sourceTree = "<group>";
		};
/* End PBXGroup section */

/* Begin PBXNativeTarget section */
		833D29081E3FADCC00BC2685 /* WorldTrotter */ = {
			isa = PBXNativeTarget;
			buildConfigurationList = 833D29311E3FADED00BC2685 /* Build configuration list for PBXNativeTarget "WorldTrotter" */;
			buildPhases = (
				833D29051E3FADCC00BC2685 /* Sources */,
				833D29061E3FADCC00BC2685 /* Frameworks */,
				833D29071E3FADCC00BC2685 /* Resources */,
			);
			buildRules = (
			);
			dependencies = (
			);
			name = WorldTrotter;
			productName = WorldTrotter;
			productReference = 833D29091E3FADCC00BC2685 /* WorldTrotter.app */;
			productType = "com.apple.product-type.application";
		};
		833D291C1E3FADDD00BC2685 /* WorldTrotterTests */ = {
			isa = PBXNativeTarget;
			buildConfigurationList = 833D29341E3FADED00BC2685 /* Build configuration list for PBXNativeTarget "WorldTrotterTests" */;
			buildPhases = (
				833D29191E3FADDD00BC2685 /* Sources */,
				833D291A1E3FADDD00BC2685 /* Frameworks */,
				833D291B1E3FADDD00BC2685 /* Resources */,
			);
			buildRules = (
			);
			dependencies = (
				833D291F1E3FADDD00BC2685 /* PBXTargetDependency */,
			);
			name = WorldTrotterTests;
			productName = WorldTrotterTests;
			productReference = 833D291D1E3FADDD00BC2685 /* WorldTrotterTests.xctest */;
			productType = "com.apple.product-type.bundle.unit-test";
		};
		833D29271E3FADE600BC2685 /* WorldTrotterUITests */ = {
			isa = PBXNativeTarget;
			buildConfigurationList = 833D29371E3FADED00BC2685 /* Build configuration list for PBXNativeTarget "WorldTrotterUITests" */;
			buildPhases = (
				833D29241E3FADE600BC2685 /* Sources */,
				833D29251E3FADE600BC2685 /* Frameworks */,
				833D29261E3FADE600BC2685 /* Resources */,
			);
			buildRules = (
			);
			dependencies = (
				833D292A1E3FADE600BC2685 /* PBXTargetDependency */,
			);
			name = WorldTrotterUITests;
			productName = WorldTrotterUITests;
			productReference = 833D29281E3FADE600BC2685 /* WorldTrotterUITests.xctest */;
			productType = "com.apple.product-type.bundle.ui-testing";
		};
/* End PBXNativeTarget section */

/* Begin PBXProject section */
		833D29011E3FADCA00BC2685 /* Project object */ = {
			isa = PBXProject;
			attributes = {
				LastSwiftUpdateCheck = 0820;
				LastUpgradeCheck = 0820;
				ORGANIZATIONNAME = "Alex Nardozzi";
				TargetAttributes = {
					833D29081E3FADCC00BC2685 = {
						CreatedOnToolsVersion = 8.2.1;
						ProvisioningStyle = Automatic;
					};
					833D291C1E3FADDD00BC2685 = {
						CreatedOnToolsVersion = 8.2.1;
						ProvisioningStyle = Automatic;
						TestTargetID = 833D29081E3FADCC00BC2685;
					};
					833D29271E3FADE600BC2685 = {
						CreatedOnToolsVersion = 8.2.1;
						ProvisioningStyle = Automatic;
						TestTargetID = 833D29081E3FADCC00BC2685;
					};
				};
			};
			buildConfigurationList = 833D29041E3FADCA00BC2685 /* Build configuration list for PBXProject "WorldTrotter" */;
			compatibilityVersion = "Xcode 3.2";
			developmentRegion = English;
			hasScannedForEncodings = 0;
			knownRegions = (
				en,
				Base,
				es,
			);
			mainGroup = 833D29001E3FADCA00BC2685;
			productRefGroup = 833D290A1E3FADCC00BC2685 /* Products */;
			projectDirPath = "";
			projectRoot = "";
			targets = (
				833D29081E3FADCC00BC2685 /* WorldTrotter */,
				833D291C1E3FADDD00BC2685 /* WorldTrotterTests */,
				833D29271E3FADE600BC2685 /* WorldTrotterUITests */,
			);
		};
/* End PBXProject section */

/* Begin PBXResourcesBuildPhase section */
		833D29071E3FADCC00BC2685 /* Resources */ = {
			isa = PBXResourcesBuildPhase;
			buildActionMask = 2147483647;
			files = (
				833D29171E3FADD800BC2685 /* LaunchScreen.storyboard in Resources */,
				839C5EDC1E4AB59A007F7614 /* Localizable.strings in Resources */,
				833D29141E3FADD700BC2685 /* Assets.xcassets in Resources */,
				833D29121E3FADD300BC2685 /* Main.storyboard in Resources */,
			);
			runOnlyForDeploymentPostprocessing = 0;
		};
		833D291B1E3FADDD00BC2685 /* Resources */ = {
			isa = PBXResourcesBuildPhase;
			buildActionMask = 2147483647;
			files = (
			);
			runOnlyForDeploymentPostprocessing = 0;
		};
		833D29261E3FADE600BC2685 /* Resources */ = {
			isa = PBXResourcesBuildPhase;
			buildActionMask = 2147483647;
			files = (
			);
			runOnlyForDeploymentPostprocessing = 0;
		};
/* End PBXResourcesBuildPhase section */

/* Begin PBXSourcesBuildPhase section */
		833D29051E3FADCC00BC2685 /* Sources */ = {
			isa = PBXSourcesBuildPhase;
			buildActionMask = 2147483647;
			files = (
				8365078E1E4030A4009B172B /* ConversionViewController.swift in Sources */,
				83D800A91E4A87D9001480A3 /* MapViewController.swift in Sources */,
				833D290D1E3FADCE00BC2685 /* AppDelegate.swift in Sources */,
				838AA5D51E4A9B3400E33C17 /* WebViewController.swift in Sources */,
			);
			runOnlyForDeploymentPostprocessing = 0;
		};
		833D29191E3FADDD00BC2685 /* Sources */ = {
			isa = PBXSourcesBuildPhase;
			buildActionMask = 2147483647;
			files = (
				833D29221E3FADDF00BC2685 /* WorldTrotterTests.swift in Sources */,
			);
			runOnlyForDeploymentPostprocessing = 0;
		};
		833D29241E3FADE600BC2685 /* Sources */ = {
			isa = PBXSourcesBuildPhase;
			buildActionMask = 2147483647;
			files = (
				833D292D1E3FADE900BC2685 /* WorldTrotterUITests.swift in Sources */,
			);
			runOnlyForDeploymentPostprocessing = 0;
		};
/* End PBXSourcesBuildPhase section */

/* Begin PBXTargetDependency section */
		833D291F1E3FADDD00BC2685 /* PBXTargetDependency */ = {
			isa = PBXTargetDependency;
			target = 833D29081E3FADCC00BC2685 /* WorldTrotter */;
			targetProxy = 833D291E1E3FADDD00BC2685 /* PBXContainerItemProxy */;
		};
		833D292A1E3FADE600BC2685 /* PBXTargetDependency */ = {
			isa = PBXTargetDependency;
			target = 833D29081E3FADCC00BC2685 /* WorldTrotter */;
			targetProxy = 833D29291E3FADE600BC2685 /* PBXContainerItemProxy */;
		};
/* End PBXTargetDependency section */

/* Begin PBXVariantGroup section */
		833D29101E3FADD300BC2685 /* Main.storyboard */ = {
			isa = PBXVariantGroup;
			children = (
				833D29111E3FADD300BC2685 /* Base */,
				839C5ED81E4AB221007F7614 /* en */,
				839C5ED91E4AB320007F7614 /* es */,
			);
			name = Main.storyboard;
			sourceTree = "<group>";
		};
		833D29151E3FADD800BC2685 /* LaunchScreen.storyboard */ = {
			isa = PBXVariantGroup;
			children = (
				833D29161E3FADD800BC2685 /* Base */,
			);
			name = LaunchScreen.storyboard;
			sourceTree = "<group>";
		};
		839C5EDE1E4AB59A007F7614 /* Localizable.strings */ = {
			isa = PBXVariantGroup;
			children = (
				839C5EDD1E4AB59A007F7614 /* Base */,
				839C5EE01E4AB5B5007F7614 /* en */,
				839C5EE11E4AB5CB007F7614 /* es */,
			);
			name = Localizable.strings;
			sourceTree = "<group>";
		};
/* End PBXVariantGroup section */

/* Begin XCBuildConfiguration section */
		833D292F1E3FADED00BC2685 /* Debug */ = {
			isa = XCBuildConfiguration;
			buildSettings = {
				ALWAYS_SEARCH_USER_PATHS = NO;
				CLANG_ANALYZER_LOCALIZABILITY_NONLOCALIZED = YES;
				CLANG_ANALYZER_NONNULL = YES;
				CLANG_CXX_LANGUAGE_STANDARD = "gnu++0x";
				CLANG_CXX_LIBRARY = "libc++";
				CLANG_ENABLE_MODULES = YES;
				CLANG_ENABLE_OBJC_ARC = YES;
				CLANG_WARN_BOOL_CONVERSION = YES;
				CLANG_WARN_CONSTANT_CONVERSION = YES;
				CLANG_WARN_DIRECT_OBJC_ISA_USAGE = YES_ERROR;
				CLANG_WARN_DOCUMENTATION_COMMENTS = YES;
				CLANG_WARN_EMPTY_BODY = YES;
				CLANG_WARN_ENUM_CONVERSION = YES;
				CLANG_WARN_INFINITE_RECURSION = YES;
				CLANG_WARN_INT_CONVERSION = YES;
				CLANG_WARN_OBJC_ROOT_CLASS = YES_ERROR;
				CLANG_WARN_SUSPICIOUS_MOVE = YES;
				CLANG_WARN_UNREACHABLE_CODE = YES;
				CLANG_WARN__DUPLICATE_METHOD_MATCH = YES;
				"CODE_SIGN_IDENTITY[sdk=iphoneos*]" = "iPhone Developer";
				COPY_PHASE_STRIP = NO;
				DEBUG_INFORMATION_FORMAT = dwarf;
				ENABLE_STRICT_OBJC_MSGSEND = YES;
				ENABLE_TESTABILITY = YES;
				GCC_C_LANGUAGE_STANDARD = gnu99;
				GCC_DYNAMIC_NO_PIC = NO;
				GCC_NO_COMMON_BLOCKS = YES;
				GCC_OPTIMIZATION_LEVEL = 0;
				GCC_PREPROCESSOR_DEFINITIONS = (
					"DEBUG=1",
					"$(inherited)",
				);
				GCC_WARN_64_TO_32_BIT_CONVERSION = YES;
				GCC_WARN_ABOUT_RETURN_TYPE = YES_ERROR;
				GCC_WARN_UNDECLARED_SELECTOR = YES;
				GCC_WARN_UNINITIALIZED_AUTOS = YES_AGGRESSIVE;
				GCC_WARN_UNUSED_FUNCTION = YES;
				GCC_WARN_UNUSED_VARIABLE = YES;
				IPHONEOS_DEPLOYMENT_TARGET = 10.2;
				MTL_ENABLE_DEBUG_INFO = YES;
				ONLY_ACTIVE_ARCH = YES;
				SDKROOT = iphoneos;
				SWIFT_ACTIVE_COMPILATION_CONDITIONS = DEBUG;
				SWIFT_OPTIMIZATION_LEVEL = "-Onone";
				TARGETED_DEVICE_FAMILY = "1,2";
			};
			name = Debug;
		};
		833D29301E3FADED00BC2685 /* Release */ = {
			isa = XCBuildConfiguration;
			buildSettings = {
				ALWAYS_SEARCH_USER_PATHS = NO;
				CLANG_ANALYZER_LOCALIZABILITY_NONLOCALIZED = YES;
				CLANG_ANALYZER_NONNULL = YES;
				CLANG_CXX_LANGUAGE_STANDARD = "gnu++0x";
				CLANG_CXX_LIBRARY = "libc++";
				CLANG_ENABLE_MODULES = YES;
				CLANG_ENABLE_OBJC_ARC = YES;
				CLANG_WARN_BOOL_CONVERSION = YES;
				CLANG_WARN_CONSTANT_CONVERSION = YES;
				CLANG_WARN_DIRECT_OBJC_ISA_USAGE = YES_ERROR;
				CLANG_WARN_DOCUMENTATION_COMMENTS = YES;
				CLANG_WARN_EMPTY_BODY = YES;
				CLANG_WARN_ENUM_CONVERSION = YES;
				CLANG_WARN_INFINITE_RECURSION = YES;
				CLANG_WARN_INT_CONVERSION = YES;
				CLANG_WARN_OBJC_ROOT_CLASS = YES_ERROR;
				CLANG_WARN_SUSPICIOUS_MOVE = YES;
				CLANG_WARN_UNREACHABLE_CODE = YES;
				CLANG_WARN__DUPLICATE_METHOD_MATCH = YES;
				"CODE_SIGN_IDENTITY[sdk=iphoneos*]" = "iPhone Developer";
				COPY_PHASE_STRIP = NO;
				DEBUG_INFORMATION_FORMAT = "dwarf-with-dsym";
				ENABLE_NS_ASSERTIONS = NO;
				ENABLE_STRICT_OBJC_MSGSEND = YES;
				GCC_C_LANGUAGE_STANDARD = gnu99;
				GCC_NO_COMMON_BLOCKS = YES;
				GCC_WARN_64_TO_32_BIT_CONVERSION = YES;
				GCC_WARN_ABOUT_RETURN_TYPE = YES_ERROR;
				GCC_WARN_UNDECLARED_SELECTOR = YES;
				GCC_WARN_UNINITIALIZED_AUTOS = YES_AGGRESSIVE;
				GCC_WARN_UNUSED_FUNCTION = YES;
				GCC_WARN_UNUSED_VARIABLE = YES;
				IPHONEOS_DEPLOYMENT_TARGET = 10.2;
				MTL_ENABLE_DEBUG_INFO = NO;
				SDKROOT = iphoneos;
				SWIFT_OPTIMIZATION_LEVEL = "-Owholemodule";
				TARGETED_DEVICE_FAMILY = "1,2";
				VALIDATE_PRODUCT = YES;
			};
			name = Release;
		};
		833D29321E3FADED00BC2685 /* Debug */ = {
			isa = XCBuildConfiguration;
			buildSettings = {
				ASSETCATALOG_COMPILER_APPICON_NAME = AppIcon;
				INFOPLIST_FILE = WorldTrotter/Info.plist;
				LD_RUNPATH_SEARCH_PATHS = "$(inherited) @executable_path/Frameworks";
				PRODUCT_BUNDLE_IDENTIFIER = com.AN.WorldTrotter;
				PRODUCT_NAME = "$(TARGET_NAME)";
				SWIFT_VERSION = 3.0;
			};
			name = Debug;
		};
		833D29331E3FADED00BC2685 /* Release */ = {
			isa = XCBuildConfiguration;
			buildSettings = {
				ASSETCATALOG_COMPILER_APPICON_NAME = AppIcon;
				INFOPLIST_FILE = WorldTrotter/Info.plist;
				LD_RUNPATH_SEARCH_PATHS = "$(inherited) @executable_path/Frameworks";
				PRODUCT_BUNDLE_IDENTIFIER = com.AN.WorldTrotter;
				PRODUCT_NAME = "$(TARGET_NAME)";
				SWIFT_VERSION = 3.0;
			};
			name = Release;
		};
		833D29351E3FADED00BC2685 /* Debug */ = {
			isa = XCBuildConfiguration;
			buildSettings = {
				ALWAYS_EMBED_SWIFT_STANDARD_LIBRARIES = YES;
				BUNDLE_LOADER = "$(TEST_HOST)";
				INFOPLIST_FILE = WorldTrotterTests/Info.plist;
				LD_RUNPATH_SEARCH_PATHS = "$(inherited) @executable_path/Frameworks @loader_path/Frameworks";
				PRODUCT_BUNDLE_IDENTIFIER = com.AN.WorldTrotterTests;
				PRODUCT_NAME = "$(TARGET_NAME)";
				SWIFT_VERSION = 3.0;
				TEST_HOST = "$(BUILT_PRODUCTS_DIR)/WorldTrotter.app/WorldTrotter";
			};
			name = Debug;
		};
		833D29361E3FADED00BC2685 /* Release */ = {
			isa = XCBuildConfiguration;
			buildSettings = {
				ALWAYS_EMBED_SWIFT_STANDARD_LIBRARIES = YES;
				BUNDLE_LOADER = "$(TEST_HOST)";
				INFOPLIST_FILE = WorldTrotterTests/Info.plist;
				LD_RUNPATH_SEARCH_PATHS = "$(inherited) @executable_path/Frameworks @loader_path/Frameworks";
				PRODUCT_BUNDLE_IDENTIFIER = com.AN.WorldTrotterTests;
				PRODUCT_NAME = "$(TARGET_NAME)";
				SWIFT_VERSION = 3.0;
				TEST_HOST = "$(BUILT_PRODUCTS_DIR)/WorldTrotter.app/WorldTrotter";
			};
			name = Release;
		};
		833D29381E3FADED00BC2685 /* Debug */ = {
			isa = XCBuildConfiguration;
			buildSettings = {
				ALWAYS_EMBED_SWIFT_STANDARD_LIBRARIES = YES;
				INFOPLIST_FILE = WorldTrotterUITests/Info.plist;
				LD_RUNPATH_SEARCH_PATHS = "$(inherited) @executable_path/Frameworks @loader_path/Frameworks";
				PRODUCT_BUNDLE_IDENTIFIER = com.AN.WorldTrotterUITests;
				PRODUCT_NAME = "$(TARGET_NAME)";
				SWIFT_VERSION = 3.0;
				TEST_TARGET_NAME = WorldTrotter;
			};
			name = Debug;
		};
		833D29391E3FADED00BC2685 /* Release */ = {
			isa = XCBuildConfiguration;
			buildSettings = {
				ALWAYS_EMBED_SWIFT_STANDARD_LIBRARIES = YES;
				INFOPLIST_FILE = WorldTrotterUITests/Info.plist;
				LD_RUNPATH_SEARCH_PATHS = "$(inherited) @executable_path/Frameworks @loader_path/Frameworks";
				PRODUCT_BUNDLE_IDENTIFIER = com.AN.WorldTrotterUITests;
				PRODUCT_NAME = "$(TARGET_NAME)";
				SWIFT_VERSION = 3.0;
				TEST_TARGET_NAME = WorldTrotter;
			};
			name = Release;
		};
/* End XCBuildConfiguration section */

/* Begin XCConfigurationList section */
		833D29041E3FADCA00BC2685 /* Build configuration list for PBXProject "WorldTrotter" */ = {
			isa = XCConfigurationList;
			buildConfigurations = (
				833D292F1E3FADED00BC2685 /* Debug */,
				833D29301E3FADED00BC2685 /* Release */,
			);
			defaultConfigurationIsVisible = 0;
			defaultConfigurationName = Release;
		};
		833D29311E3FADED00BC2685 /* Build configuration list for PBXNativeTarget "WorldTrotter" */ = {
			isa = XCConfigurationList;
			buildConfigurations = (
				833D29321E3FADED00BC2685 /* Debug */,
				833D29331E3FADED00BC2685 /* Release */,
			);
			defaultConfigurationIsVisible = 0;
			defaultConfigurationName = Release;
		};
		833D29341E3FADED00BC2685 /* Build configuration list for PBXNativeTarget "WorldTrotterTests" */ = {
			isa = XCConfigurationList;
			buildConfigurations = (
				833D29351E3FADED00BC2685 /* Debug */,
				833D29361E3FADED00BC2685 /* Release */,
			);
			defaultConfigurationIsVisible = 0;
			defaultConfigurationName = Release;
		};
		833D29371E3FADED00BC2685 /* Build configuration list for PBXNativeTarget "WorldTrotterUITests" */ = {
			isa = XCConfigurationList;
			buildConfigurations = (
				833D29381E3FADED00BC2685 /* Debug */,
				833D29391E3FADED00BC2685 /* Release */,
			);
			defaultConfigurationIsVisible = 0;
			defaultConfigurationName = Release;
		};
/* End XCConfigurationList section */
	};
	rootObject = 833D29011E3FADCA00BC2685 /* Project object */;
}
